
Microsoft Visual Studio Solution File, Format Version 9.00
# Visual C++ Express 2005
Project("{8BC9CEB8-8B4A-11D0-8D11-00A0C91BC942}") = "TA3D", "TA3D.vcproj", "{43A45214-9722-41B1-8FBC-BC4DF5E0D6E3}"
EndProject
Global
	GlobalSection(SolutionConfigurationPlatforms) = preSolution
		Debug|Win32 = Debug|Win32
		Release|Win32 = Release|Win32
	EndGlobalSection
	GlobalSection(ProjectConfigurationPlatforms) = postSolution
		{43A45214-9722-41B1-8FBC-BC4DF5E0D6E3}.Debug|Win32.ActiveCfg = Release|Win32
		{43A45214-9722-41B1-8FBC-BC4DF5E0D6E3}.Debug|Win32.Build.0 = Release|Win32
		{43A45214-9722-41B1-8FBC-BC4DF5E0D6E3}.Release|Win32.ActiveCfg = Release|Win32
		{43A45214-9722-41B1-8FBC-BC4DF5E0D6E3}.Release|Win32.Build.0 = Release|Win32
	EndGlobalSection
	GlobalSection(SolutionProperties) = preSolution
		HideSolutionNode = FALSE
	EndGlobalSection
EndGlobal
