<?xml version="1.0" encoding="UTF-8" standalone="yes" ?>
<CodeBlocks_project_file>
   <FileVersion major="1" minor="6" />
   <Project>
      <Option title="yuni-config" />
      <Option makefile_is_custom="1" />
      <Option compiler="gcc" />
      <Option virtualFolders="CMake Files\;CMake Files\libs\;CMake Files\libs\SDL_sgui\;CMake Files\libs\yuni\;CMake Files\libs\yuni\packages\;CMake Files\libs\yuni\packages\cmake\;CMake Files\libs\yuni\src\;CMake Files\libs\yuni\src\cmake\;CMake Files\libs\yuni\src\yuni\;CMake Files\libs\yuni\src\yuni\cmake\;CMake Files\libs\yuni\src\tools\;CMake Files\libs\yuni\src\tools\yuni-config\;CMake Files\libs\ftgl\;CMake Files\libs\ftgl\src\;CMake Files\ta3d\;CMake Files\ta3d\src\;" />
      <Build>
      <Target title="all">
         <Option working_dir="/mnt/750/roland/progc++/ta3d/trunk/src/libs/yuni/src/tools/yuni-config" />
         <Option type="4" />
         <MakeCommands>
            <Build command="/usr/bin/make -f &quot;/mnt/750/roland/progc++/ta3d/trunk/src/libs/yuni/src/tools/yuni-config/Makefile&quot; all" />
            <CompileFile command="/usr/bin/make -f &quot;/mnt/750/roland/progc++/ta3d/trunk/src/libs/yuni/src/tools/yuni-config/Makefile&quot; &quot;$file&quot;" />
            <Clean command="/usr/bin/make -f &quot;/mnt/750/roland/progc++/ta3d/trunk/src/libs/yuni/src/tools/yuni-config/Makefile&quot; clean" />
            <DistClean command="/usr/bin/make -f &quot;/mnt/750/roland/progc++/ta3d/trunk/src/libs/yuni/src/tools/yuni-config/Makefile&quot; clean" />
         </MakeCommands>
      </Target>
      <Target title="yuni-config">
         <Option output="/mnt/750/roland/progc++/ta3d/trunk/src/libs/yuni/src/build/debug/bin/yuni-config" prefix_auto="0" extension_auto="0" />
         <Option working_dir="/mnt/750/roland/progc++/ta3d/trunk/src/libs/yuni/src/tools/yuni-config" />
         <Option object_output="./" />
         <Option type="1" />
         <Option compiler="gcc" />
         <Compiler>
            <Add directory="/home/roland/progcpp/ta3d/trunk/src/libs/yuni/src/tools/yuni-config/../.." />
         </Compiler>
         <MakeCommands>
            <Build command="/usr/bin/make -f &quot;/mnt/750/roland/progc++/ta3d/trunk/src/libs/yuni/src/tools/yuni-config/Makefile&quot; yuni-config" />
            <CompileFile command="/usr/bin/make -f &quot;/mnt/750/roland/progc++/ta3d/trunk/src/libs/yuni/src/tools/yuni-config/Makefile&quot; &quot;$file&quot;" />
            <Clean command="/usr/bin/make -f &quot;/mnt/750/roland/progc++/ta3d/trunk/src/libs/yuni/src/tools/yuni-config/Makefile&quot; clean" />
            <DistClean command="/usr/bin/make -f &quot;/mnt/750/roland/progc++/ta3d/trunk/src/libs/yuni/src/tools/yuni-config/Makefile&quot; clean" />
         </MakeCommands>
      </Target>
      <Target title="yuni-config/fast">
         <Option output="/mnt/750/roland/progc++/ta3d/trunk/src/libs/yuni/src/build/debug/bin/yuni-config" prefix_auto="0" extension_auto="0" />
         <Option working_dir="/mnt/750/roland/progc++/ta3d/trunk/src/libs/yuni/src/tools/yuni-config" />
         <Option object_output="./" />
         <Option type="1" />
         <Option compiler="gcc" />
         <Compiler>
            <Add directory="/home/roland/progcpp/ta3d/trunk/src/libs/yuni/src/tools/yuni-config/../.." />
         </Compiler>
         <MakeCommands>
            <Build command="/usr/bin/make -f &quot;/mnt/750/roland/progc++/ta3d/trunk/src/libs/yuni/src/tools/yuni-config/Makefile&quot; yuni-config/fast" />
            <CompileFile command="/usr/bin/make -f &quot;/mnt/750/roland/progc++/ta3d/trunk/src/libs/yuni/src/tools/yuni-config/Makefile&quot; &quot;$file&quot;" />
            <Clean command="/usr/bin/make -f &quot;/mnt/750/roland/progc++/ta3d/trunk/src/libs/yuni/src/tools/yuni-config/Makefile&quot; clean" />
            <DistClean command="/usr/bin/make -f &quot;/mnt/750/roland/progc++/ta3d/trunk/src/libs/yuni/src/tools/yuni-config/Makefile&quot; clean" />
         </MakeCommands>
      </Target>
      <Target title="yuni-config-0.1">
         <Option output="/mnt/750/roland/progc++/ta3d/trunk/src/libs/yuni/src/build/debug/bin/yuni-config-0.1" prefix_auto="0" extension_auto="0" />
         <Option working_dir="/mnt/750/roland/progc++/ta3d/trunk/src/libs/yuni/src/tools/yuni-config" />
         <Option object_output="./" />
         <Option type="1" />
         <Option compiler="gcc" />
         <Compiler>
            <Add directory="/home/roland/progcpp/ta3d/trunk/src/libs/yuni/src/tools/yuni-config/../.." />
         </Compiler>
         <MakeCommands>
            <Build command="/usr/bin/make -f &quot;/mnt/750/roland/progc++/ta3d/trunk/src/libs/yuni/src/tools/yuni-config/Makefile&quot; yuni-config-0.1" />
            <CompileFile command="/usr/bin/make -f &quot;/mnt/750/roland/progc++/ta3d/trunk/src/libs/yuni/src/tools/yuni-config/Makefile&quot; &quot;$file&quot;" />
            <Clean command="/usr/bin/make -f &quot;/mnt/750/roland/progc++/ta3d/trunk/src/libs/yuni/src/tools/yuni-config/Makefile&quot; clean" />
            <DistClean command="/usr/bin/make -f &quot;/mnt/750/roland/progc++/ta3d/trunk/src/libs/yuni/src/tools/yuni-config/Makefile&quot; clean" />
         </MakeCommands>
      </Target>
      <Target title="yuni-config-0.1/fast">
         <Option output="/mnt/750/roland/progc++/ta3d/trunk/src/libs/yuni/src/build/debug/bin/yuni-config-0.1" prefix_auto="0" extension_auto="0" />
         <Option working_dir="/mnt/750/roland/progc++/ta3d/trunk/src/libs/yuni/src/tools/yuni-config" />
         <Option object_output="./" />
         <Option type="1" />
         <Option compiler="gcc" />
         <Compiler>
            <Add directory="/home/roland/progcpp/ta3d/trunk/src/libs/yuni/src/tools/yuni-config/../.." />
         </Compiler>
         <MakeCommands>
            <Build command="/usr/bin/make -f &quot;/mnt/750/roland/progc++/ta3d/trunk/src/libs/yuni/src/tools/yuni-config/Makefile&quot; yuni-config-0.1/fast" />
            <CompileFile command="/usr/bin/make -f &quot;/mnt/750/roland/progc++/ta3d/trunk/src/libs/yuni/src/tools/yuni-config/Makefile&quot; &quot;$file&quot;" />
            <Clean command="/usr/bin/make -f &quot;/mnt/750/roland/progc++/ta3d/trunk/src/libs/yuni/src/tools/yuni-config/Makefile&quot; clean" />
            <DistClean command="/usr/bin/make -f &quot;/mnt/750/roland/progc++/ta3d/trunk/src/libs/yuni/src/tools/yuni-config/Makefile&quot; clean" />
         </MakeCommands>
      </Target>
      </Build>
      <Unit filename="/home/roland/progcpp/ta3d/trunk/src/libs/yuni/src/tools/yuni-config/main.cpp">
      </Unit>
      <Unit filename="/home/roland/progcpp/ta3d/trunk/src/libs/yuni/src/tools/yuni-config/program.cpp">
      </Unit>
      <Unit filename="/home/roland/progcpp/ta3d/trunk/src/libs/yuni/src/tools/yuni-config/versions.cpp">
      </Unit>
      <Unit filename="/home/roland/progcpp/ta3d/trunk/src/libs/yuni/src/yuni/core/getopt/option.cpp">
      </Unit>
      <Unit filename="/home/roland/progcpp/ta3d/trunk/src/libs/yuni/src/yuni/core/getopt/parser.cpp">
      </Unit>
      <Unit filename="/home/roland/progcpp/ta3d/trunk/src/libs/yuni/src/yuni/core/io/directory/current.cpp">
      </Unit>
      <Unit filename="/home/roland/progcpp/ta3d/trunk/src/libs/yuni/src/yuni/core/io/directory/iterator/iterator.cpp">
      </Unit>
      <Unit filename="/home/roland/progcpp/ta3d/trunk/src/libs/yuni/src/yuni/core/io/exists.cpp">
      </Unit>
      <Unit filename="/home/roland/progcpp/ta3d/trunk/src/libs/yuni/src/yuni/core/io/file/file.cpp">
      </Unit>
      <Unit filename="/home/roland/progcpp/ta3d/trunk/src/libs/yuni/src/yuni/core/io/file/load.cpp">
      </Unit>
      <Unit filename="/home/roland/progcpp/ta3d/trunk/src/libs/yuni/src/yuni/core/io/file/openmode.cpp">
      </Unit>
      <Unit filename="/home/roland/progcpp/ta3d/trunk/src/libs/yuni/src/yuni/core/io/file/stream.cpp">
      </Unit>
      <Unit filename="/home/roland/progcpp/ta3d/trunk/src/libs/yuni/src/yuni/core/io/io.cpp">
      </Unit>
      <Unit filename="/home/roland/progcpp/ta3d/trunk/src/libs/yuni/src/yuni/core/version/version.cpp">
      </Unit>
      <Unit filename="/home/roland/progcpp/ta3d/trunk/src/libs/yuni/src/tools/yuni-config/program.h">
      </Unit>
      <Unit filename="/home/roland/progcpp/ta3d/trunk/src/libs/yuni/src/tools/yuni-config/program.hxx">
      </Unit>
      <Unit filename="/home/roland/progcpp/ta3d/trunk/src/libs/yuni/src/tools/yuni-config/versions.h">
      </Unit>
      <Unit filename="/home/roland/progcpp/ta3d/trunk/src/libs/yuni/src/tools/yuni-config/versions.hxx">
      </Unit>
      <Unit filename="/home/roland/progcpp/ta3d/trunk/src/libs/yuni/src/yuni/core/getopt/option.h">
      </Unit>
      <Unit filename="/home/roland/progcpp/ta3d/trunk/src/libs/yuni/src/yuni/core/getopt/parser.h">
      </Unit>
      <Unit filename="/home/roland/progcpp/ta3d/trunk/src/libs/yuni/src/yuni/core/io/directory/iterator.h">
      </Unit>
      <Unit filename="/home/roland/progcpp/ta3d/trunk/src/libs/yuni/src/yuni/core/io/directory/iterator/detachedthread.h">
      </Unit>
      <Unit filename="/home/roland/progcpp/ta3d/trunk/src/libs/yuni/src/yuni/core/io/directory/iterator/iterator.h">
      </Unit>
      <Unit filename="/home/roland/progcpp/ta3d/trunk/src/libs/yuni/src/yuni/core/io/directory/iterator/iterator.hxx">
      </Unit>
      <Unit filename="/home/roland/progcpp/ta3d/trunk/src/libs/yuni/src/yuni/core/io/file/file.hxx">
      </Unit>
      <Unit filename="/home/roland/progcpp/ta3d/trunk/src/libs/yuni/src/yuni/core/io/file/openmode.h">
      </Unit>
      <Unit filename="/home/roland/progcpp/ta3d/trunk/src/libs/yuni/src/yuni/core/io/file/stream.h">
      </Unit>
      <Unit filename="/home/roland/progcpp/ta3d/trunk/src/libs/yuni/src/yuni/core/io/io.h">
      </Unit>
      <Unit filename="/home/roland/progcpp/ta3d/trunk/src/libs/yuni/src/yuni/core/version/version.h">
      </Unit>
      <Unit filename="/home/roland/progcpp/ta3d/trunk/src/CMakeLists.txt">
          <Option virtualFolder="CMake Files\" />
      </Unit>
      <Unit filename="/home/roland/progcpp/ta3d/trunk/src/YuniProfileBuildTemplate.cmake">
          <Option virtualFolder="CMake Files\" />
      </Unit>
      <Unit filename="/home/roland/progcpp/ta3d/trunk/src/libs/SDL_sgui/CMakeLists.txt">
          <Option virtualFolder="CMake Files\libs\SDL_sgui\" />
      </Unit>
      <Unit filename="/home/roland/progcpp/ta3d/trunk/src/libs/SDL_sgui/CMakeLists.txt">
          <Option virtualFolder="CMake Files\libs\SDL_sgui\" />
      </Unit>
      <Unit filename="/home/roland/progcpp/ta3d/trunk/src/libs/yuni/packages/cmake/FindYuni.cmake">
          <Option virtualFolder="CMake Files\libs\yuni\packages\cmake\" />
      </Unit>
      <Unit filename="/home/roland/progcpp/ta3d/trunk/src/libs/yuni/src/CMakeLists.txt">
          <Option virtualFolder="CMake Files\libs\yuni\src\" />
      </Unit>
      <Unit filename="/home/roland/progcpp/ta3d/trunk/src/libs/yuni/src/ProfileBuild.cmake">
          <Option virtualFolder="CMake Files\libs\yuni\src\" />
      </Unit>
      <Unit filename="/home/roland/progcpp/ta3d/trunk/src/libs/yuni/src/CMakeLists.txt">
          <Option virtualFolder="CMake Files\libs\yuni\src\" />
      </Unit>
      <Unit filename="/home/roland/progcpp/ta3d/trunk/src/libs/yuni/src/ProfileBuild.cmake">
          <Option virtualFolder="CMake Files\libs\yuni\src\" />
      </Unit>
      <Unit filename="/home/roland/progcpp/ta3d/trunk/src/libs/yuni/src/cmake/message.cmake">
          <Option virtualFolder="CMake Files\libs\yuni\src\cmake\" />
      </Unit>
      <Unit filename="/home/roland/progcpp/ta3d/trunk/src/libs/yuni/src/cmake/Target.cmake">
          <Option virtualFolder="CMake Files\libs\yuni\src\cmake\" />
      </Unit>
      <Unit filename="/home/roland/progcpp/ta3d/trunk/src/libs/yuni/src/cmake/SvnRevision.cmake">
          <Option virtualFolder="CMake Files\libs\yuni\src\cmake\" />
      </Unit>
      <Unit filename="/home/roland/progcpp/ta3d/trunk/src/libs/yuni/src/cmake/SystemInformation.cmake">
          <Option virtualFolder="CMake Files\libs\yuni\src\cmake\" />
      </Unit>
      <Unit filename="/home/roland/progcpp/ta3d/trunk/src/libs/yuni/src/cmake/Target.cmake">
          <Option virtualFolder="CMake Files\libs\yuni\src\cmake\" />
      </Unit>
      <Unit filename="/home/roland/progcpp/ta3d/trunk/src/libs/yuni/src/cmake/DevPack.cmake">
          <Option virtualFolder="CMake Files\libs\yuni\src\cmake\" />
      </Unit>
      <Unit filename="/home/roland/progcpp/ta3d/trunk/src/libs/yuni/src/cmake/DevPackStandardImports.cmake">
          <Option virtualFolder="CMake Files\libs\yuni\src\cmake\" />
      </Unit>
      <Unit filename="/home/roland/progcpp/ta3d/trunk/src/libs/yuni/src/cmake/Modules.cmake">
          <Option virtualFolder="CMake Files\libs\yuni\src\cmake\" />
      </Unit>
      <Unit filename="/home/roland/progcpp/ta3d/trunk/src/libs/yuni/src/cmake/YuniConfig.cmake">
          <Option virtualFolder="CMake Files\libs\yuni\src\cmake\" />
      </Unit>
      <Unit filename="/home/roland/progcpp/ta3d/trunk/src/libs/yuni/src/cmake/CommonSettings.cmake">
          <Option virtualFolder="CMake Files\libs\yuni\src\cmake\" />
      </Unit>
      <Unit filename="/home/roland/progcpp/ta3d/trunk/src/libs/yuni/src/cmake/DetectInstructionsSets.cmake">
          <Option virtualFolder="CMake Files\libs\yuni\src\cmake\" />
      </Unit>
      <Unit filename="/home/roland/progcpp/ta3d/trunk/src/libs/yuni/src/cmake/Modules.cmake">
          <Option virtualFolder="CMake Files\libs\yuni\src\cmake\" />
      </Unit>
      <Unit filename="/home/roland/progcpp/ta3d/trunk/src/libs/yuni/src/cmake/message.cmake">
          <Option virtualFolder="CMake Files\libs\yuni\src\cmake\" />
      </Unit>
      <Unit filename="/home/roland/progcpp/ta3d/trunk/src/libs/yuni/src/cmake/CommonSettings.cmake">
          <Option virtualFolder="CMake Files\libs\yuni\src\cmake\" />
      </Unit>
      <Unit filename="/home/roland/progcpp/ta3d/trunk/src/libs/yuni/src/cmake/DetectInstructionsSets.cmake">
          <Option virtualFolder="CMake Files\libs\yuni\src\cmake\" />
      </Unit>
      <Unit filename="/home/roland/progcpp/ta3d/trunk/src/libs/yuni/src/cmake/Modules.cmake">
          <Option virtualFolder="CMake Files\libs\yuni\src\cmake\" />
      </Unit>
      <Unit filename="/home/roland/progcpp/ta3d/trunk/src/libs/yuni/src/cmake/message.cmake">
          <Option virtualFolder="CMake Files\libs\yuni\src\cmake\" />
      </Unit>
      <Unit filename="/home/roland/progcpp/ta3d/trunk/src/libs/yuni/src/cmake/Target.cmake">
          <Option virtualFolder="CMake Files\libs\yuni\src\cmake\" />
      </Unit>
      <Unit filename="/home/roland/progcpp/ta3d/trunk/src/libs/yuni/src/cmake/SvnRevision.cmake">
          <Option virtualFolder="CMake Files\libs\yuni\src\cmake\" />
      </Unit>
      <Unit filename="/home/roland/progcpp/ta3d/trunk/src/libs/yuni/src/cmake/SystemInformation.cmake">
          <Option virtualFolder="CMake Files\libs\yuni\src\cmake\" />
      </Unit>
      <Unit filename="/home/roland/progcpp/ta3d/trunk/src/libs/yuni/src/cmake/Target.cmake">
          <Option virtualFolder="CMake Files\libs\yuni\src\cmake\" />
      </Unit>
      <Unit filename="/home/roland/progcpp/ta3d/trunk/src/libs/yuni/src/cmake/DevPack.cmake">
          <Option virtualFolder="CMake Files\libs\yuni\src\cmake\" />
      </Unit>
      <Unit filename="/home/roland/progcpp/ta3d/trunk/src/libs/yuni/src/cmake/DevPackStandardImports.cmake">
          <Option virtualFolder="CMake Files\libs\yuni\src\cmake\" />
      </Unit>
      <Unit filename="/home/roland/progcpp/ta3d/trunk/src/libs/yuni/src/cmake/Modules.cmake">
          <Option virtualFolder="CMake Files\libs\yuni\src\cmake\" />
      </Unit>
      <Unit filename="/home/roland/progcpp/ta3d/trunk/src/libs/yuni/src/cmake/YuniConfig.cmake">
          <Option virtualFolder="CMake Files\libs\yuni\src\cmake\" />
      </Unit>
      <Unit filename="/home/roland/progcpp/ta3d/trunk/src/libs/yuni/src/cmake/CommonSettings.cmake">
          <Option virtualFolder="CMake Files\libs\yuni\src\cmake\" />
      </Unit>
      <Unit filename="/home/roland/progcpp/ta3d/trunk/src/libs/yuni/src/cmake/DetectInstructionsSets.cmake">
          <Option virtualFolder="CMake Files\libs\yuni\src\cmake\" />
      </Unit>
      <Unit filename="/home/roland/progcpp/ta3d/trunk/src/libs/yuni/src/cmake/Modules.cmake">
          <Option virtualFolder="CMake Files\libs\yuni\src\cmake\" />
      </Unit>
      <Unit filename="/home/roland/progcpp/ta3d/trunk/src/libs/yuni/src/cmake/message.cmake">
          <Option virtualFolder="CMake Files\libs\yuni\src\cmake\" />
      </Unit>
      <Unit filename="/home/roland/progcpp/ta3d/trunk/src/libs/yuni/src/cmake/CommonSettings.cmake">
          <Option virtualFolder="CMake Files\libs\yuni\src\cmake\" />
      </Unit>
      <Unit filename="/home/roland/progcpp/ta3d/trunk/src/libs/yuni/src/cmake/DetectInstructionsSets.cmake">
          <Option virtualFolder="CMake Files\libs\yuni\src\cmake\" />
      </Unit>
      <Unit filename="/home/roland/progcpp/ta3d/trunk/src/libs/yuni/src/cmake/Modules.cmake">
          <Option virtualFolder="CMake Files\libs\yuni\src\cmake\" />
      </Unit>
      <Unit filename="/home/roland/progcpp/ta3d/trunk/src/libs/yuni/src/cmake/message.cmake">
          <Option virtualFolder="CMake Files\libs\yuni\src\cmake\" />
      </Unit>
      <Unit filename="/home/roland/progcpp/ta3d/trunk/src/libs/yuni/src/cmake/CommonSettings.cmake">
          <Option virtualFolder="CMake Files\libs\yuni\src\cmake\" />
      </Unit>
      <Unit filename="/home/roland/progcpp/ta3d/trunk/src/libs/yuni/src/cmake/DetectInstructionsSets.cmake">
          <Option virtualFolder="CMake Files\libs\yuni\src\cmake\" />
      </Unit>
      <Unit filename="/home/roland/progcpp/ta3d/trunk/src/libs/yuni/src/cmake/Modules.cmake">
          <Option virtualFolder="CMake Files\libs\yuni\src\cmake\" />
      </Unit>
      <Unit filename="/home/roland/progcpp/ta3d/trunk/src/libs/yuni/src/yuni/CMakeLists.txt">
          <Option virtualFolder="CMake Files\libs\yuni\src\yuni\" />
      </Unit>
      <Unit filename="/home/roland/progcpp/ta3d/trunk/src/libs/yuni/src/yuni/CMakeLists.txt">
          <Option virtualFolder="CMake Files\libs\yuni\src\yuni\" />
      </Unit>
      <Unit filename="/home/roland/progcpp/ta3d/trunk/src/libs/yuni/src/yuni/cmake/yuni.h.cmake">
          <Option virtualFolder="CMake Files\libs\yuni\src\yuni\cmake\" />
      </Unit>
      <Unit filename="/home/roland/progcpp/ta3d/trunk/src/libs/yuni/src/yuni/cmake/core.cmake">
          <Option virtualFolder="CMake Files\libs\yuni\src\yuni\cmake\" />
      </Unit>
      <Unit filename="/home/roland/progcpp/ta3d/trunk/src/libs/yuni/src/yuni/cmake/platform.cmake">
          <Option virtualFolder="CMake Files\libs\yuni\src\yuni\cmake\" />
      </Unit>
      <Unit filename="/home/roland/progcpp/ta3d/trunk/src/libs/yuni/src/yuni/cmake/gfx-core.cmake">
          <Option virtualFolder="CMake Files\libs\yuni\src\yuni\cmake\" />
      </Unit>
      <Unit filename="/home/roland/progcpp/ta3d/trunk/src/libs/yuni/src/yuni/cmake/net.cmake">
          <Option virtualFolder="CMake Files\libs\yuni\src\yuni\cmake\" />
      </Unit>
      <Unit filename="/home/roland/progcpp/ta3d/trunk/src/libs/yuni/src/yuni/cmake/yuni.h.cmake">
          <Option virtualFolder="CMake Files\libs\yuni\src\yuni\cmake\" />
      </Unit>
      <Unit filename="/home/roland/progcpp/ta3d/trunk/src/libs/yuni/src/yuni/cmake/version.cmake">
          <Option virtualFolder="CMake Files\libs\yuni\src\yuni\cmake\" />
      </Unit>
      <Unit filename="/home/roland/progcpp/ta3d/trunk/src/libs/yuni/src/yuni/cmake/yuni.h.cmake">
          <Option virtualFolder="CMake Files\libs\yuni\src\yuni\cmake\" />
      </Unit>
      <Unit filename="/home/roland/progcpp/ta3d/trunk/src/libs/yuni/src/yuni/cmake/core.cmake">
          <Option virtualFolder="CMake Files\libs\yuni\src\yuni\cmake\" />
      </Unit>
      <Unit filename="/home/roland/progcpp/ta3d/trunk/src/libs/yuni/src/yuni/cmake/platform.cmake">
          <Option virtualFolder="CMake Files\libs\yuni\src\yuni\cmake\" />
      </Unit>
      <Unit filename="/home/roland/progcpp/ta3d/trunk/src/libs/yuni/src/yuni/cmake/gfx-core.cmake">
          <Option virtualFolder="CMake Files\libs\yuni\src\yuni\cmake\" />
      </Unit>
      <Unit filename="/home/roland/progcpp/ta3d/trunk/src/libs/yuni/src/yuni/cmake/net.cmake">
          <Option virtualFolder="CMake Files\libs\yuni\src\yuni\cmake\" />
      </Unit>
      <Unit filename="/home/roland/progcpp/ta3d/trunk/src/libs/yuni/src/yuni/cmake/yuni.h.cmake">
          <Option virtualFolder="CMake Files\libs\yuni\src\yuni\cmake\" />
      </Unit>
      <Unit filename="/home/roland/progcpp/ta3d/trunk/src/libs/yuni/src/yuni/cmake/version.cmake">
          <Option virtualFolder="CMake Files\libs\yuni\src\yuni\cmake\" />
      </Unit>
      <Unit filename="/home/roland/progcpp/ta3d/trunk/src/libs/yuni/src/tools/CMakeLists.txt">
          <Option virtualFolder="CMake Files\libs\yuni\src\tools\" />
      </Unit>
      <Unit filename="/home/roland/progcpp/ta3d/trunk/src/libs/yuni/src/tools/CMakeLists.txt">
          <Option virtualFolder="CMake Files\libs\yuni\src\tools\" />
      </Unit>
      <Unit filename="/home/roland/progcpp/ta3d/trunk/src/libs/yuni/src/tools/yuni-config/CMakeLists.txt">
          <Option virtualFolder="CMake Files\libs\yuni\src\tools\yuni-config\" />
      </Unit>
      <Unit filename="/home/roland/progcpp/ta3d/trunk/src/libs/yuni/src/tools/yuni-config/CMakeLists.txt">
          <Option virtualFolder="CMake Files\libs\yuni\src\tools\yuni-config\" />
      </Unit>
      <Unit filename="/home/roland/progcpp/ta3d/trunk/src/libs/yuni/src/tools/yuni-config/CMakeLists.txt">
          <Option virtualFolder="CMake Files\libs\yuni\src\tools\yuni-config\" />
      </Unit>
      <Unit filename="/home/roland/progcpp/ta3d/trunk/src/libs/ftgl/CMakeLists.txt">
          <Option virtualFolder="CMake Files\libs\ftgl\" />
      </Unit>
      <Unit filename="/home/roland/progcpp/ta3d/trunk/src/libs/ftgl/CMakeLists.txt">
          <Option virtualFolder="CMake Files\libs\ftgl\" />
      </Unit>
      <Unit filename="/home/roland/progcpp/ta3d/trunk/src/libs/ftgl/src/CMakeLists.txt">
          <Option virtualFolder="CMake Files\libs\ftgl\src\" />
      </Unit>
      <Unit filename="/home/roland/progcpp/ta3d/trunk/src/libs/ftgl/src/CMakeLists.txt">
          <Option virtualFolder="CMake Files\libs\ftgl\src\" />
      </Unit>
      <Unit filename="/home/roland/progcpp/ta3d/trunk/src/ta3d/CMakeLists.txt">
          <Option virtualFolder="CMake Files\ta3d\" />
      </Unit>
      <Unit filename="/home/roland/progcpp/ta3d/trunk/src/ta3d/config.h.cmake">
          <Option virtualFolder="CMake Files\ta3d\" />
      </Unit>
      <Unit filename="/home/roland/progcpp/ta3d/trunk/src/ta3d/CMakeLists.txt">
          <Option virtualFolder="CMake Files\ta3d\" />
      </Unit>
      <Unit filename="/home/roland/progcpp/ta3d/trunk/src/ta3d/config.h.cmake">
          <Option virtualFolder="CMake Files\ta3d\" />
      </Unit>
      <Unit filename="/home/roland/progcpp/ta3d/trunk/src/ta3d/src/CMakeLists.txt">
          <Option virtualFolder="CMake Files\ta3d\src\" />
      </Unit>
      <Unit filename="/home/roland/progcpp/ta3d/trunk/src/ta3d/src/CMakeLists.txt">
          <Option virtualFolder="CMake Files\ta3d\src\" />
      </Unit>
   </Project>
</CodeBlocks_project_file>
